
Microsoft Visual Studio Solution File, Format Version 10.00
# Visual Studio 2008
Project("{8BC9CEB8-8B4A-11D0-8D11-00A0C91BC942}") = "GGUI2", "GGUI2.vcproj", "{08909B98-527B-450B-9532-C554F9A4E773}"
EndProject
Global
	GlobalSection(SolutionConfigurationPlatforms) = preSolution
		Debug|Win32 = Debug|Win32
		Release|Win32 = Release|Win32
	EndGlobalSection
	GlobalSection(ProjectConfigurationPlatforms) = postSolution
		{08909B98-527B-450B-9532-C554F9A4E773}.Debug|Win32.ActiveCfg = Debug|Win32
		{08909B98-527B-450B-9532-C554F9A4E773}.Debug|Win32.Build.0 = Debug|Win32
		{08909B98-527B-450B-9532-C554F9A4E773}.Release|Win32.ActiveCfg = Release|Win32
		{08909B98-527B-450B-9532-C554F9A4E773}.Release|Win32.Build.0 = Release|Win32
	EndGlobalSection
	GlobalSection(SolutionProperties) = preSolution
		HideSolutionNode = FALSE
	EndGlobalSection
EndGlobal
